
Microsoft Visual Studio Solution File, Format Version 11.00
# Visual Studio 2010
Project("{FAE04EC0-301F-11D3-BF4B-00C04F79EFBC}") = "WFFiche1", "WFFiche1\WFFiche1.csproj", "{ADAFEB6B-197B-493A-A1A5-3E87E4DE4C4D}"
EndProject
Project("{FAE04EC0-301F-11D3-BF4B-00C04F79EFBC}") = "WFAppGestion", "WFAppGestion\WFAppGestion.csproj", "{3060ABD6-A1F2-4434-90F4-08D513098556}"
EndProject
Global
	GlobalSection(SolutionConfigurationPlatforms) = preSolution
		Debug|x86 = Debug|x86
		Release|x86 = Release|x86
	EndGlobalSection
	GlobalSection(ProjectConfigurationPlatforms) = postSolution
		{ADAFEB6B-197B-493A-A1A5-3E87E4DE4C4D}.Debug|x86.ActiveCfg = Debug|x86
		{ADAFEB6B-197B-493A-A1A5-3E87E4DE4C4D}.Debug|x86.Build.0 = Debug|x86
		{ADAFEB6B-197B-493A-A1A5-3E87E4DE4C4D}.Release|x86.ActiveCfg = Release|x86
		{ADAFEB6B-197B-493A-A1A5-3E87E4DE4C4D}.Release|x86.Build.0 = Release|x86
		{3060ABD6-A1F2-4434-90F4-08D513098556}.Debug|x86.ActiveCfg = Debug|x86
		{3060ABD6-A1F2-4434-90F4-08D513098556}.Debug|x86.Build.0 = Debug|x86
		{3060ABD6-A1F2-4434-90F4-08D513098556}.Release|x86.ActiveCfg = Release|x86
		{3060ABD6-A1F2-4434-90F4-08D513098556}.Release|x86.Build.0 = Release|x86
	EndGlobalSection
	GlobalSection(SolutionProperties) = preSolution
		HideSolutionNode = FALSE
	EndGlobalSection
EndGlobal
