
Microsoft Visual Studio Solution File, Format Version 11.00
# Visual Studio 2010
Project("{FAE04EC0-301F-11D3-BF4B-00C04F79EFBC}") = "Bibliotheque_22022017", "Bibliotheque_22022017\Bibliotheque_22022017.csproj", "{24FCE44C-BEE2-450E-BFDB-8BD4A65E5F89}"
EndProject
Global
	GlobalSection(SolutionConfigurationPlatforms) = preSolution
		Debug|x86 = Debug|x86
		Release|x86 = Release|x86
	EndGlobalSection
	GlobalSection(ProjectConfigurationPlatforms) = postSolution
		{24FCE44C-BEE2-450E-BFDB-8BD4A65E5F89}.Debug|x86.ActiveCfg = Debug|x86
		{24FCE44C-BEE2-450E-BFDB-8BD4A65E5F89}.Debug|x86.Build.0 = Debug|x86
		{24FCE44C-BEE2-450E-BFDB-8BD4A65E5F89}.Release|x86.ActiveCfg = Release|x86
		{24FCE44C-BEE2-450E-BFDB-8BD4A65E5F89}.Release|x86.Build.0 = Release|x86
	EndGlobalSection
	GlobalSection(SolutionProperties) = preSolution
		HideSolutionNode = FALSE
	EndGlobalSection
EndGlobal
