
Microsoft Visual Studio Solution File, Format Version 11.00
# Visual Studio 2010
Project("{FAE04EC0-301F-11D3-BF4B-00C04F79EFBC}") = "tp12092016", "tp12092016\tp12092016.csproj", "{144E5869-B1EE-43ED-85DB-CAA96072AE40}"
EndProject
Project("{FAE04EC0-301F-11D3-BF4B-00C04F79EFBC}") = "pyramide", "pyramide\pyramide.csproj", "{F72DF5B7-E36E-49DC-AE31-7E3CAA7346CF}"
EndProject
Project("{FAE04EC0-301F-11D3-BF4B-00C04F79EFBC}") = "pyramide2", "pyramide2\pyramide2.csproj", "{316D3DE0-3646-4889-ABA3-EBC29B82F677}"
EndProject
Global
	GlobalSection(SolutionConfigurationPlatforms) = preSolution
		Debug|x86 = Debug|x86
		Release|x86 = Release|x86
	EndGlobalSection
	GlobalSection(ProjectConfigurationPlatforms) = postSolution
		{144E5869-B1EE-43ED-85DB-CAA96072AE40}.Debug|x86.ActiveCfg = Debug|x86
		{144E5869-B1EE-43ED-85DB-CAA96072AE40}.Debug|x86.Build.0 = Debug|x86
		{144E5869-B1EE-43ED-85DB-CAA96072AE40}.Release|x86.ActiveCfg = Release|x86
		{144E5869-B1EE-43ED-85DB-CAA96072AE40}.Release|x86.Build.0 = Release|x86
		{F72DF5B7-E36E-49DC-AE31-7E3CAA7346CF}.Debug|x86.ActiveCfg = Debug|x86
		{F72DF5B7-E36E-49DC-AE31-7E3CAA7346CF}.Debug|x86.Build.0 = Debug|x86
		{F72DF5B7-E36E-49DC-AE31-7E3CAA7346CF}.Release|x86.ActiveCfg = Release|x86
		{F72DF5B7-E36E-49DC-AE31-7E3CAA7346CF}.Release|x86.Build.0 = Release|x86
		{316D3DE0-3646-4889-ABA3-EBC29B82F677}.Debug|x86.ActiveCfg = Debug|x86
		{316D3DE0-3646-4889-ABA3-EBC29B82F677}.Debug|x86.Build.0 = Debug|x86
		{316D3DE0-3646-4889-ABA3-EBC29B82F677}.Release|x86.ActiveCfg = Release|x86
		{316D3DE0-3646-4889-ABA3-EBC29B82F677}.Release|x86.Build.0 = Release|x86
	EndGlobalSection
	GlobalSection(SolutionProperties) = preSolution
		HideSolutionNode = FALSE
	EndGlobalSection
EndGlobal
